# THIS IS AN AUTOGENERATED FILE. DO NOT EDIT THIS FILE DIRECTLY.
# yarn lockfile v1


"@parcel/plugin@^2.0.0-alpha.2.1":
  version "2.0.0-alpha.2.1"
  resolved "https://registry.npmjs.org/@parcel/plugin/-/plugin-2.0.0-alpha.2.1.tgz#0b9d1a362a623041a9c53495e24bb62aaae675ed"
  integrity sha512-TjKuHgSQk9Sq39OUYNButauvZ6a9e2iCiibMov+taWrRqK76fc5TgVuCudzm12oxt/AIR7SDHHRjZs2R9cjq1Q==
  dependencies:
    "@parcel/types" "^2.0.0-alpha.2.1"

"@parcel/types@^2.0.0-alpha.2.1":
  version "2.0.0-alpha.2.1"
  resolved "https://registry.npmjs.org/@parcel/types/-/types-2.0.0-alpha.2.1.tgz#2294ee3f4a017d74816011d4348a53932fc9d9af"
  integrity sha512-YyA3+Syx0QYTYMd4ssCXQgBxoyRCZmbFfEYQoT7Uyf8hpDIXSdcl9BA5WvCKyZMkmpQQv0If86ivbfxNMrNpoA==

fs-extra@^8.1.0:
  version "8.1.0"
  resolved "https://registry.npmjs.org/fs-extra/-/fs-extra-8.1.0.tgz#49d43c45a88cd9677668cb7be1b46efdb8d2e1c0"
  integrity sha512-yhlQgA6mnOJUKOsRUFsgJdQCvkKhcz8tlZG5HBQfReYZy46OwLcY+Zia0mtdHsOo9y/hP+CxMN0TU9QxoOtG4g==
  dependencies:
    graceful-fs "^4.2.0"
    jsonfile "^4.0.0"
    universalify "^0.1.0"

graceful-fs@^4.1.6, graceful-fs@^4.2.0:
  version "4.2.3"
  resolved "https://registry.npmjs.org/graceful-fs/-/graceful-fs-4.2.3.tgz#4a12ff1b60376ef09862c2093edd908328be8423"
  integrity sha512-a30VEBm4PEdx1dRB7MFK7BejejvCvBronbLjht+sHuGYj8PHs7M/5Z+rt5lw551vZ7yfTCj4Vuyy3mSJytDWRQ==

jsonfile@^4.0.0:
  version "4.0.0"
  resolved "https://registry.npmjs.org/jsonfile/-/jsonfile-4.0.0.tgz#8771aae0799b64076b76640fca058f9c10e33ecb"
  integrity sha1-h3Gq4HmbZAdrdmQPygWPnBDjPss=
  optionalDependencies:
    graceful-fs "^4.1.6"

universalify@^0.1.0:
  version "0.1.2"
  resolved "https://registry.npmjs.org/universalify/-/universalify-0.1.2.tgz#b646f69be3942dabcecc9d6639c80dc105efaa66"
  integrity sha512-rBJeI5CXAlmy1pV+617WB9J63U6XcazHHF2f2dbJix4XzpUF0RS3Zbj0FGIOCAva5P/d/GBOYaACQ1w+0azUkg==
